// !$*UTF8*$!
{
	archiveVersion = 1;
	classes = {
	};
	objectVersion = 77;
	objects = {

/* Begin PBXBuildFile section */
		DF7E24AD2D985FA1000715BA /* CZUtils in Frameworks */ = {isa = PBXBuildFile; productRef = DF7E24AC2D985FA1000715BA /* CZUtils */; };
		DF7E24AF2D985FA1000715BA /* CZUtils in Embed Frameworks */ = {isa = PBXBuildFile; productRef = DF7E24AC2D985FA1000715BA /* CZUtils */; settings = {ATTRIBUTES = (CodeSignOnCopy, ); }; };
		DF7E24BB2D986032000715BA /* ReactiveListViewKit.framework in Frameworks */ = {isa = PBXBuildFile; fileRef = DF7E24B82D98602A000715BA /* ReactiveListViewKit.framework */; };
		DF7E24BE2D986066000715BA /* CZWebImage in Frameworks */ = {isa = PBXBuildFile; productRef = DF7E24BD2D986066000715BA /* CZWebImage */; };
/* End PBXBuildFile section */

/* Begin PBXContainerItemProxy section */
		DF7E237A2D985D34000715BA /* PBXContainerItemProxy */ = {
			isa = PBXContainerItemProxy;
			containerPortal = DF7E235B2D985D31000715BA /* Project object */;
			proxyType = 1;
			remoteGlobalIDString = DF7E23622D985D31000715BA;
			remoteInfo = ReactiveListViewKitDemo;
		};
		DF7E23842D985D34000715BA /* PBXContainerItemProxy */ = {
			isa = PBXContainerItemProxy;
			containerPortal = DF7E235B2D985D31000715BA /* Project object */;
			proxyType = 1;
			remoteGlobalIDString = DF7E23622D985D31000715BA;
			remoteInfo = ReactiveListViewKitDemo;
		};
		DF7E24B72D98602A000715BA /* PBXContainerItemProxy */ = {
			isa = PBXContainerItemProxy;
			containerPortal = DF7E24B02D986029000715BA /* ReactiveListViewKit.xcodeproj */;
			proxyType = 2;
			remoteGlobalIDString = 044E032C1F74458B00849AA2;
			remoteInfo = ReactiveListViewKit;
		};
/* End PBXContainerItemProxy section */

/* Begin PBXCopyFilesBuildPhase section */
		DF7E24AE2D985FA1000715BA /* Embed Frameworks */ = {
			isa = PBXCopyFilesBuildPhase;
			buildActionMask = 2147483647;
			dstPath = "";
			dstSubfolderSpec = 10;
			files = (
				DF7E24AF2D985FA1000715BA /* CZUtils in Embed Frameworks */,
			);
			name = "Embed Frameworks";
			runOnlyForDeploymentPostprocessing = 0;
		};
/* End PBXCopyFilesBuildPhase section */

/* Begin PBXFileReference section */
		DF7E23632D985D31000715BA /* ReactiveListViewKitDemo.app */ = {isa = PBXFileReference; explicitFileType = wrapper.application; includeInIndex = 0; path = ReactiveListViewKitDemo.app; sourceTree = BUILT_PRODUCTS_DIR; };
		DF7E23792D985D34000715BA /* ReactiveListViewKitDemoTests.xctest */ = {isa = PBXFileReference; explicitFileType = wrapper.cfbundle; includeInIndex = 0; path = ReactiveListViewKitDemoTests.xctest; sourceTree = BUILT_PRODUCTS_DIR; };
		DF7E23832D985D34000715BA /* ReactiveListViewKitDemoUITests.xctest */ = {isa = PBXFileReference; explicitFileType = wrapper.cfbundle; includeInIndex = 0; path = ReactiveListViewKitDemoUITests.xctest; sourceTree = BUILT_PRODUCTS_DIR; };
		DF7E23D32D985E37000715BA /* CommonCrypto.xcodeproj */ = {isa = PBXFileReference; lastKnownFileType = "wrapper.pb-project"; path = CommonCrypto.xcodeproj; sourceTree = "<group>"; };
		DF7E24B02D986029000715BA /* ReactiveListViewKit.xcodeproj */ = {isa = PBXFileReference; lastKnownFileType = "wrapper.pb-project"; name = ReactiveListViewKit.xcodeproj; path = ../ReactiveListViewKit/ReactiveListViewKit.xcodeproj; sourceTree = SOURCE_ROOT; };
/* End PBXFileReference section */

/* Begin PBXFileSystemSynchronizedBuildFileExceptionSet section */
		DF7E238B2D985D34000715BA /* Exceptions for "ReactiveListViewKitDemo" folder in "ReactiveListViewKitDemo" target */ = {
			isa = PBXFileSystemSynchronizedBuildFileExceptionSet;
			membershipExceptions = (
				Info.plist,
			);
			target = DF7E23622D985D31000715BA /* ReactiveListViewKitDemo */;
		};
/* End PBXFileSystemSynchronizedBuildFileExceptionSet section */

/* Begin PBXFileSystemSynchronizedRootGroup section */
		DF7E23652D985D31000715BA /* ReactiveListViewKitDemo */ = {
			isa = PBXFileSystemSynchronizedRootGroup;
			exceptions = (
				DF7E238B2D985D34000715BA /* Exceptions for "ReactiveListViewKitDemo" folder in "ReactiveListViewKitDemo" target */,
			);
			path = ReactiveListViewKitDemo;
			sourceTree = "<group>";
		};
		DF7E23862D985D34000715BA /* ReactiveListViewKitDemoUITests */ = {
			isa = PBXFileSystemSynchronizedRootGroup;
			path = ReactiveListViewKitDemoUITests;
			sourceTree = "<group>";
		};
/* End PBXFileSystemSynchronizedRootGroup section */

/* Begin PBXFrameworksBuildPhase section */
		DF7E23602D985D31000715BA /* Frameworks */ = {
			isa = PBXFrameworksBuildPhase;
			buildActionMask = 2147483647;
			files = (
				DF7E24BE2D986066000715BA /* CZWebImage in Frameworks */,
				DF7E24BB2D986032000715BA /* ReactiveListViewKit.framework in Frameworks */,
				DF7E24AD2D985FA1000715BA /* CZUtils in Frameworks */,
			);
			runOnlyForDeploymentPostprocessing = 0;
		};
		DF7E23762D985D34000715BA /* Frameworks */ = {
			isa = PBXFrameworksBuildPhase;
			buildActionMask = 2147483647;
			files = (
			);
			runOnlyForDeploymentPostprocessing = 0;
		};
		DF7E23802D985D34000715BA /* Frameworks */ = {
			isa = PBXFrameworksBuildPhase;
			buildActionMask = 2147483647;
			files = (
			);
			runOnlyForDeploymentPostprocessing = 0;
		};
/* End PBXFrameworksBuildPhase section */

/* Begin PBXGroup section */
		DF7E235A2D985D31000715BA = {
			isa = PBXGroup;
			children = (
				DF7E24B02D986029000715BA /* ReactiveListViewKit.xcodeproj */,
				DF7E23652D985D31000715BA /* ReactiveListViewKitDemo */,
				DF7E23862D985D34000715BA /* ReactiveListViewKitDemoUITests */,
				DF7E24AB2D985FA1000715BA /* Frameworks */,
				DF7E23642D985D31000715BA /* Products */,
			);
			sourceTree = "<group>";
		};
		DF7E23642D985D31000715BA /* Products */ = {
			isa = PBXGroup;
			children = (
				DF7E23632D985D31000715BA /* ReactiveListViewKitDemo.app */,
				DF7E23792D985D34000715BA /* ReactiveListViewKitDemoTests.xctest */,
				DF7E23832D985D34000715BA /* ReactiveListViewKitDemoUITests.xctest */,
			);
			name = Products;
			sourceTree = "<group>";
		};
		DF7E23E72D985E37000715BA /* Products */ = {
			isa = PBXGroup;
			children = (
			);
			name = Products;
			sourceTree = "<group>";
		};
		DF7E24AB2D985FA1000715BA /* Frameworks */ = {
			isa = PBXGroup;
			children = (
			);
			name = Frameworks;
			sourceTree = "<group>";
		};
		DF7E24B32D98602A000715BA /* Products */ = {
			isa = PBXGroup;
			children = (
				DF7E24B82D98602A000715BA /* ReactiveListViewKit.framework */,
			);
			name = Products;
			sourceTree = "<group>";
		};
/* End PBXGroup section */

/* Begin PBXNativeTarget section */
		DF7E23622D985D31000715BA /* ReactiveListViewKitDemo */ = {
			isa = PBXNativeTarget;
			buildConfigurationList = DF7E238C2D985D34000715BA /* Build configuration list for PBXNativeTarget "ReactiveListViewKitDemo" */;
			buildPhases = (
				DF7E235F2D985D31000715BA /* Sources */,
				DF7E23602D985D31000715BA /* Frameworks */,
				DF7E23612D985D31000715BA /* Resources */,
				DF7E24AE2D985FA1000715BA /* Embed Frameworks */,
			);
			buildRules = (
			);
			dependencies = (
			);
			fileSystemSynchronizedGroups = (
				DF7E23652D985D31000715BA /* ReactiveListViewKitDemo */,
			);
			name = ReactiveListViewKitDemo;
			packageProductDependencies = (
				DF7E24AC2D985FA1000715BA /* CZUtils */,
				DF7E24BD2D986066000715BA /* CZWebImage */,
			);
			productName = ReactiveListViewKitDemo;
			productReference = DF7E23632D985D31000715BA /* ReactiveListViewKitDemo.app */;
			productType = "com.apple.product-type.application";
		};
		DF7E23782D985D34000715BA /* ReactiveListViewKitDemoTests */ = {
			isa = PBXNativeTarget;
			buildConfigurationList = DF7E23912D985D34000715BA /* Build configuration list for PBXNativeTarget "ReactiveListViewKitDemoTests" */;
			buildPhases = (
				DF7E23752D985D34000715BA /* Sources */,
				DF7E23762D985D34000715BA /* Frameworks */,
				DF7E23772D985D34000715BA /* Resources */,
			);
			buildRules = (
			);
			dependencies = (
				DF7E237B2D985D34000715BA /* PBXTargetDependency */,
			);
			name = ReactiveListViewKitDemoTests;
			packageProductDependencies = (
			);
			productName = ReactiveListViewKitDemoTests;
			productReference = DF7E23792D985D34000715BA /* ReactiveListViewKitDemoTests.xctest */;
			productType = "com.apple.product-type.bundle.unit-test";
		};
		DF7E23822D985D34000715BA /* ReactiveListViewKitDemoUITests */ = {
			isa = PBXNativeTarget;
			buildConfigurationList = DF7E23942D985D34000715BA /* Build configuration list for PBXNativeTarget "ReactiveListViewKitDemoUITests" */;
			buildPhases = (
				DF7E237F2D985D34000715BA /* Sources */,
				DF7E23802D985D34000715BA /* Frameworks */,
				DF7E23812D985D34000715BA /* Resources */,
			);
			buildRules = (
			);
			dependencies = (
				DF7E23852D985D34000715BA /* PBXTargetDependency */,
			);
			fileSystemSynchronizedGroups = (
				DF7E23862D985D34000715BA /* ReactiveListViewKitDemoUITests */,
			);
			name = ReactiveListViewKitDemoUITests;
			packageProductDependencies = (
			);
			productName = ReactiveListViewKitDemoUITests;
			productReference = DF7E23832D985D34000715BA /* ReactiveListViewKitDemoUITests.xctest */;
			productType = "com.apple.product-type.bundle.ui-testing";
		};
/* End PBXNativeTarget section */

/* Begin PBXProject section */
		DF7E235B2D985D31000715BA /* Project object */ = {
			isa = PBXProject;
			attributes = {
				BuildIndependentTargetsInParallel = 1;
				LastSwiftUpdateCheck = 1600;
				LastUpgradeCheck = 1600;
				TargetAttributes = {
					DF7E23622D985D31000715BA = {
						CreatedOnToolsVersion = 16.0;
					};
					DF7E23782D985D34000715BA = {
						CreatedOnToolsVersion = 16.0;
						TestTargetID = DF7E23622D985D31000715BA;
					};
					DF7E23822D985D34000715BA = {
						CreatedOnToolsVersion = 16.0;
						TestTargetID = DF7E23622D985D31000715BA;
					};
				};
			};
			buildConfigurationList = DF7E235E2D985D31000715BA /* Build configuration list for PBXProject "ReactiveListViewKitDemo" */;
			developmentRegion = en;
			hasScannedForEncodings = 0;
			knownRegions = (
				en,
				Base,
			);
			mainGroup = DF7E235A2D985D31000715BA;
			minimizedProjectReferenceProxies = 1;
			packageReferences = (
				DF7E24AA2D985F8F000715BA /* XCRemoteSwiftPackageReference "CZUtils" */,
				DF7E24BC2D986066000715BA /* XCRemoteSwiftPackageReference "CZWebImage" */,
			);
			preferredProjectObjectVersion = 77;
			productRefGroup = DF7E23642D985D31000715BA /* Products */;
			projectDirPath = "";
			projectReferences = (
				{
					ProductGroup = DF7E23E72D985E37000715BA /* Products */;
					ProjectRef = DF7E23D32D985E37000715BA /* CommonCrypto.xcodeproj */;
				},
				{
					ProductGroup = DF7E24B32D98602A000715BA /* Products */;
					ProjectRef = DF7E24B02D986029000715BA /* ReactiveListViewKit.xcodeproj */;
				},
			);
			projectRoot = "";
			targets = (
				DF7E23622D985D31000715BA /* ReactiveListViewKitDemo */,
				DF7E23782D985D34000715BA /* ReactiveListViewKitDemoTests */,
				DF7E23822D985D34000715BA /* ReactiveListViewKitDemoUITests */,
			);
		};
/* End PBXProject section */

/* Begin PBXReferenceProxy section */
		DF7E24B82D98602A000715BA /* ReactiveListViewKit.framework */ = {
			isa = PBXReferenceProxy;
			fileType = wrapper.framework;
			path = ReactiveListViewKit.framework;
			remoteRef = DF7E24B72D98602A000715BA /* PBXContainerItemProxy */;
			sourceTree = BUILT_PRODUCTS_DIR;
		};
/* End PBXReferenceProxy section */

/* Begin PBXResourcesBuildPhase section */
		DF7E23612D985D31000715BA /* Resources */ = {
			isa = PBXResourcesBuildPhase;
			buildActionMask = 2147483647;
			files = (
			);
			runOnlyForDeploymentPostprocessing = 0;
		};
		DF7E23772D985D34000715BA /* Resources */ = {
			isa = PBXResourcesBuildPhase;
			buildActionMask = 2147483647;
			files = (
			);
			runOnlyForDeploymentPostprocessing = 0;
		};
		DF7E23812D985D34000715BA /* Resources */ = {
			isa = PBXResourcesBuildPhase;
			buildActionMask = 2147483647;
			files = (
			);
			runOnlyForDeploymentPostprocessing = 0;
		};
/* End PBXResourcesBuildPhase section */

/* Begin PBXSourcesBuildPhase section */
		DF7E235F2D985D31000715BA /* Sources */ = {
			isa = PBXSourcesBuildPhase;
			buildActionMask = 2147483647;
			files = (
			);
			runOnlyForDeploymentPostprocessing = 0;
		};
		DF7E23752D985D34000715BA /* Sources */ = {
			isa = PBXSourcesBuildPhase;
			buildActionMask = 2147483647;
			files = (
			);
			runOnlyForDeploymentPostprocessing = 0;
		};
		DF7E237F2D985D34000715BA /* Sources */ = {
			isa = PBXSourcesBuildPhase;
			buildActionMask = 2147483647;
			files = (
			);
			runOnlyForDeploymentPostprocessing = 0;
		};
/* End PBXSourcesBuildPhase section */

/* Begin PBXTargetDependency section */
		DF7E237B2D985D34000715BA /* PBXTargetDependency */ = {
			isa = PBXTargetDependency;
			target = DF7E23622D985D31000715BA /* ReactiveListViewKitDemo */;
			targetProxy = DF7E237A2D985D34000715BA /* PBXContainerItemProxy */;
		};
		DF7E23852D985D34000715BA /* PBXTargetDependency */ = {
			isa = PBXTargetDependency;
			target = DF7E23622D985D31000715BA /* ReactiveListViewKitDemo */;
			targetProxy = DF7E23842D985D34000715BA /* PBXContainerItemProxy */;
		};
/* End PBXTargetDependency section */

/* Begin XCBuildConfiguration section */
		DF7E238D2D985D34000715BA /* Debug */ = {
			isa = XCBuildConfiguration;
			buildSettings = {
				ASSETCATALOG_COMPILER_APPICON_NAME = AppIcon;
				ASSETCATALOG_COMPILER_GLOBAL_ACCENT_COLOR_NAME = AccentColor;
				CODE_SIGN_STYLE = Automatic;
				CURRENT_PROJECT_VERSION = 1;
				DEVELOPMENT_TEAM = 55RDUQ8X48;
				GENERATE_INFOPLIST_FILE = YES;
				INFOPLIST_FILE = ReactiveListViewKitDemo/Info.plist;
				INFOPLIST_KEY_UIApplicationSupportsIndirectInputEvents = YES;
				INFOPLIST_KEY_UILaunchStoryboardName = LaunchScreen;
				INFOPLIST_KEY_UIMainStoryboardFile = Main;
				INFOPLIST_KEY_UISupportedInterfaceOrientations_iPad = "UIInterfaceOrientationPortrait UIInterfaceOrientationPortraitUpsideDown UIInterfaceOrientationLandscapeLeft UIInterfaceOrientationLandscapeRight";
				INFOPLIST_KEY_UISupportedInterfaceOrientations_iPhone = "UIInterfaceOrientationPortrait UIInterfaceOrientationLandscapeLeft UIInterfaceOrientationLandscapeRight";
				IPHONEOS_DEPLOYMENT_TARGET = 17.0;
				LD_RUNPATH_SEARCH_PATHS = (
					"$(inherited)",
					"@executable_path/Frameworks",
				);
				MARKETING_VERSION = 1.0;
				PRODUCT_BUNDLE_IDENTIFIER = "Cheng-Zhang.ReactiveListViewKitDemo";
				PRODUCT_NAME = "$(TARGET_NAME)";
				SWIFT_EMIT_LOC_STRINGS = YES;
				SWIFT_VERSION = 5.0;
				TARGETED_DEVICE_FAMILY = "1,2";
			};
			name = Debug;
		};
		DF7E238E2D985D34000715BA /* Release */ = {
			isa = XCBuildConfiguration;
			buildSettings = {
				ASSETCATALOG_COMPILER_APPICON_NAME = AppIcon;
				ASSETCATALOG_COMPILER_GLOBAL_ACCENT_COLOR_NAME = AccentColor;
				CODE_SIGN_STYLE = Automatic;
				CURRENT_PROJECT_VERSION = 1;
				DEVELOPMENT_TEAM = 55RDUQ8X48;
				GENERATE_INFOPLIST_FILE = YES;
				INFOPLIST_FILE = ReactiveListViewKitDemo/Info.plist;
				INFOPLIST_KEY_UIApplicationSupportsIndirectInputEvents = YES;
				INFOPLIST_KEY_UILaunchStoryboardName = LaunchScreen;
				INFOPLIST_KEY_UIMainStoryboardFile = Main;
				INFOPLIST_KEY_UISupportedInterfaceOrientations_iPad = "UIInterfaceOrientationPortrait UIInterfaceOrientationPortraitUpsideDown UIInterfaceOrientationLandscapeLeft UIInterfaceOrientationLandscapeRight";
				INFOPLIST_KEY_UISupportedInterfaceOrientations_iPhone = "UIInterfaceOrientationPortrait UIInterfaceOrientationLandscapeLeft UIInterfaceOrientationLandscapeRight";
				IPHONEOS_DEPLOYMENT_TARGET = 17.0;
				LD_RUNPATH_SEARCH_PATHS = (
					"$(inherited)",
					"@executable_path/Frameworks",
				);
				MARKETING_VERSION = 1.0;
				PRODUCT_BUNDLE_IDENTIFIER = "Cheng-Zhang.ReactiveListViewKitDemo";
				PRODUCT_NAME = "$(TARGET_NAME)";
				SWIFT_EMIT_LOC_STRINGS = YES;
				SWIFT_VERSION = 5.0;
				TARGETED_DEVICE_FAMILY = "1,2";
			};
			name = Release;
		};
		DF7E238F2D985D34000715BA /* Debug */ = {
			isa = XCBuildConfiguration;
			buildSettings = {
				ALWAYS_SEARCH_USER_PATHS = NO;
				ASSETCATALOG_COMPILER_GENERATE_SWIFT_ASSET_SYMBOL_EXTENSIONS = YES;
				CLANG_ANALYZER_NONNULL = YES;
				CLANG_ANALYZER_NUMBER_OBJECT_CONVERSION = YES_AGGRESSIVE;
				CLANG_CXX_LANGUAGE_STANDARD = "gnu++20";
				CLANG_ENABLE_MODULES = YES;
				CLANG_ENABLE_OBJC_ARC = YES;
				CLANG_ENABLE_OBJC_WEAK = YES;
				CLANG_WARN_BLOCK_CAPTURE_AUTORELEASING = YES;
				CLANG_WARN_BOOL_CONVERSION = YES;
				CLANG_WARN_COMMA = YES;
				CLANG_WARN_CONSTANT_CONVERSION = YES;
				CLANG_WARN_DEPRECATED_OBJC_IMPLEMENTATIONS = YES;
				CLANG_WARN_DIRECT_OBJC_ISA_USAGE = YES_ERROR;
				CLANG_WARN_DOCUMENTATION_COMMENTS = YES;
				CLANG_WARN_EMPTY_BODY = YES;
				CLANG_WARN_ENUM_CONVERSION = YES;
				CLANG_WARN_INFINITE_RECURSION = YES;
				CLANG_WARN_INT_CONVERSION = YES;
				CLANG_WARN_NON_LITERAL_NULL_CONVERSION = YES;
				CLANG_WARN_OBJC_IMPLICIT_RETAIN_SELF = YES;
				CLANG_WARN_OBJC_LITERAL_CONVERSION = YES;
				CLANG_WARN_OBJC_ROOT_CLASS = YES_ERROR;
				CLANG_WARN_QUOTED_INCLUDE_IN_FRAMEWORK_HEADER = YES;
				CLANG_WARN_RANGE_LOOP_ANALYSIS = YES;
				CLANG_WARN_STRICT_PROTOTYPES = YES;
				CLANG_WARN_SUSPICIOUS_MOVE = YES;
				CLANG_WARN_UNGUARDED_AVAILABILITY = YES_AGGRESSIVE;
				CLANG_WARN_UNREACHABLE_CODE = YES;
				CLANG_WARN__DUPLICATE_METHOD_MATCH = YES;
				COPY_PHASE_STRIP = NO;
				DEBUG_INFORMATION_FORMAT = dwarf;
				ENABLE_STRICT_OBJC_MSGSEND = YES;
				ENABLE_TESTABILITY = YES;
				ENABLE_USER_SCRIPT_SANDBOXING = YES;
				GCC_C_LANGUAGE_STANDARD = gnu17;
				GCC_DYNAMIC_NO_PIC = NO;
				GCC_NO_COMMON_BLOCKS = YES;
				GCC_OPTIMIZATION_LEVEL = 0;
				GCC_PREPROCESSOR_DEFINITIONS = (
					"DEBUG=1",
					"$(inherited)",
				);
				GCC_WARN_64_TO_32_BIT_CONVERSION = YES;
				GCC_WARN_ABOUT_RETURN_TYPE = YES_ERROR;
				GCC_WARN_UNDECLARED_SELECTOR = YES;
				GCC_WARN_UNINITIALIZED_AUTOS = YES_AGGRESSIVE;
				GCC_WARN_UNUSED_FUNCTION = YES;
				GCC_WARN_UNUSED_VARIABLE = YES;
				IPHONEOS_DEPLOYMENT_TARGET = 18.0;
				LOCALIZATION_PREFERS_STRING_CATALOGS = YES;
				MTL_ENABLE_DEBUG_INFO = INCLUDE_SOURCE;
				MTL_FAST_MATH = YES;
				ONLY_ACTIVE_ARCH = YES;
				SDKROOT = iphoneos;
				SWIFT_ACTIVE_COMPILATION_CONDITIONS = "DEBUG $(inherited)";
				SWIFT_OPTIMIZATION_LEVEL = "-Onone";
			};
			name = Debug;
		};
		DF7E23902D985D34000715BA /* Release */ = {
			isa = XCBuildConfiguration;
			buildSettings = {
				ALWAYS_SEARCH_USER_PATHS = NO;
				ASSETCATALOG_COMPILER_GENERATE_SWIFT_ASSET_SYMBOL_EXTENSIONS = YES;
				CLANG_ANALYZER_NONNULL = YES;
				CLANG_ANALYZER_NUMBER_OBJECT_CONVERSION = YES_AGGRESSIVE;
				CLANG_CXX_LANGUAGE_STANDARD = "gnu++20";
				CLANG_ENABLE_MODULES = YES;
				CLANG_ENABLE_OBJC_ARC = YES;
				CLANG_ENABLE_OBJC_WEAK = YES;
				CLANG_WARN_BLOCK_CAPTURE_AUTORELEASING = YES;
				CLANG_WARN_BOOL_CONVERSION = YES;
				CLANG_WARN_COMMA = YES;
				CLANG_WARN_CONSTANT_CONVERSION = YES;
				CLANG_WARN_DEPRECATED_OBJC_IMPLEMENTATIONS = YES;
				CLANG_WARN_DIRECT_OBJC_ISA_USAGE = YES_ERROR;
				CLANG_WARN_DOCUMENTATION_COMMENTS = YES;
				CLANG_WARN_EMPTY_BODY = YES;
				CLANG_WARN_ENUM_CONVERSION = YES;
				CLANG_WARN_INFINITE_RECURSION = YES;
				CLANG_WARN_INT_CONVERSION = YES;
				CLANG_WARN_NON_LITERAL_NULL_CONVERSION = YES;
				CLANG_WARN_OBJC_IMPLICIT_RETAIN_SELF = YES;
				CLANG_WARN_OBJC_LITERAL_CONVERSION = YES;
				CLANG_WARN_OBJC_ROOT_CLASS = YES_ERROR;
				CLANG_WARN_QUOTED_INCLUDE_IN_FRAMEWORK_HEADER = YES;
				CLANG_WARN_RANGE_LOOP_ANALYSIS = YES;
				CLANG_WARN_STRICT_PROTOTYPES = YES;
				CLANG_WARN_SUSPICIOUS_MOVE = YES;
				CLANG_WARN_UNGUARDED_AVAILABILITY = YES_AGGRESSIVE;
				CLANG_WARN_UNREACHABLE_CODE = YES;
				CLANG_WARN__DUPLICATE_METHOD_MATCH = YES;
				COPY_PHASE_STRIP = NO;
				DEBUG_INFORMATION_FORMAT = "dwarf-with-dsym";
				ENABLE_NS_ASSERTIONS = NO;
				ENABLE_STRICT_OBJC_MSGSEND = YES;
				ENABLE_USER_SCRIPT_SANDBOXING = YES;
				GCC_C_LANGUAGE_STANDARD = gnu17;
				GCC_NO_COMMON_BLOCKS = YES;
				GCC_WARN_64_TO_32_BIT_CONVERSION = YES;
				GCC_WARN_ABOUT_RETURN_TYPE = YES_ERROR;
				GCC_WARN_UNDECLARED_SELECTOR = YES;
				GCC_WARN_UNINITIALIZED_AUTOS = YES_AGGRESSIVE;
				GCC_WARN_UNUSED_FUNCTION = YES;
				GCC_WARN_UNUSED_VARIABLE = YES;
				IPHONEOS_DEPLOYMENT_TARGET = 18.0;
				LOCALIZATION_PREFERS_STRING_CATALOGS = YES;
				MTL_ENABLE_DEBUG_INFO = NO;
				MTL_FAST_MATH = YES;
				SDKROOT = iphoneos;
				SWIFT_COMPILATION_MODE = wholemodule;
				VALIDATE_PRODUCT = YES;
			};
			name = Release;
		};
		DF7E23922D985D34000715BA /* Debug */ = {
			isa = XCBuildConfiguration;
			buildSettings = {
				BUNDLE_LOADER = "$(TEST_HOST)";
				CODE_SIGN_STYLE = Automatic;
				CURRENT_PROJECT_VERSION = 1;
				DEVELOPMENT_TEAM = 55RDUQ8X48;
				GENERATE_INFOPLIST_FILE = YES;
				IPHONEOS_DEPLOYMENT_TARGET = 18.0;
				MARKETING_VERSION = 1.0;
				PRODUCT_BUNDLE_IDENTIFIER = "Cheng-Zhang.ReactiveListViewKitDemoTests";
				PRODUCT_NAME = "$(TARGET_NAME)";
				SWIFT_EMIT_LOC_STRINGS = NO;
				SWIFT_VERSION = 5.0;
				TARGETED_DEVICE_FAMILY = "1,2";
				TEST_HOST = "$(BUILT_PRODUCTS_DIR)/ReactiveListViewKitDemo.app/$(BUNDLE_EXECUTABLE_FOLDER_PATH)/ReactiveListViewKitDemo";
			};
			name = Debug;
		};
		DF7E23932D985D34000715BA /* Release */ = {
			isa = XCBuildConfiguration;
			buildSettings = {
				BUNDLE_LOADER = "$(TEST_HOST)";
				CODE_SIGN_STYLE = Automatic;
				CURRENT_PROJECT_VERSION = 1;
				DEVELOPMENT_TEAM = 55RDUQ8X48;
				GENERATE_INFOPLIST_FILE = YES;
				IPHONEOS_DEPLOYMENT_TARGET = 18.0;
				MARKETING_VERSION = 1.0;
				PRODUCT_BUNDLE_IDENTIFIER = "Cheng-Zhang.ReactiveListViewKitDemoTests";
				PRODUCT_NAME = "$(TARGET_NAME)";
				SWIFT_EMIT_LOC_STRINGS = NO;
				SWIFT_VERSION = 5.0;
				TARGETED_DEVICE_FAMILY = "1,2";
				TEST_HOST = "$(BUILT_PRODUCTS_DIR)/ReactiveListViewKitDemo.app/$(BUNDLE_EXECUTABLE_FOLDER_PATH)/ReactiveListViewKitDemo";
			};
			name = Release;
		};
		DF7E23952D985D34000715BA /* Debug */ = {
			isa = XCBuildConfiguration;
			buildSettings = {
				CODE_SIGN_STYLE = Automatic;
				CURRENT_PROJECT_VERSION = 1;
				DEVELOPMENT_TEAM = 55RDUQ8X48;
				GENERATE_INFOPLIST_FILE = YES;
				MARKETING_VERSION = 1.0;
				PRODUCT_BUNDLE_IDENTIFIER = "Cheng-Zhang.ReactiveListViewKitDemoUITests";
				PRODUCT_NAME = "$(TARGET_NAME)";
				SWIFT_EMIT_LOC_STRINGS = NO;
				SWIFT_VERSION = 5.0;
				TARGETED_DEVICE_FAMILY = "1,2";
				TEST_TARGET_NAME = ReactiveListViewKitDemo;
			};
			name = Debug;
		};
		DF7E23962D985D34000715BA /* Release */ = {
			isa = XCBuildConfiguration;
			buildSettings = {
				CODE_SIGN_STYLE = Automatic;
				CURRENT_PROJECT_VERSION = 1;
				DEVELOPMENT_TEAM = 55RDUQ8X48;
				GENERATE_INFOPLIST_FILE = YES;
				MARKETING_VERSION = 1.0;
				PRODUCT_BUNDLE_IDENTIFIER = "Cheng-Zhang.ReactiveListViewKitDemoUITests";
				PRODUCT_NAME = "$(TARGET_NAME)";
				SWIFT_EMIT_LOC_STRINGS = NO;
				SWIFT_VERSION = 5.0;
				TARGETED_DEVICE_FAMILY = "1,2";
				TEST_TARGET_NAME = ReactiveListViewKitDemo;
			};
			name = Release;
		};
/* End XCBuildConfiguration section */

/* Begin XCConfigurationList section */
		DF7E235E2D985D31000715BA /* Build configuration list for PBXProject "ReactiveListViewKitDemo" */ = {
			isa = XCConfigurationList;
			buildConfigurations = (
				DF7E238F2D985D34000715BA /* Debug */,
				DF7E23902D985D34000715BA /* Release */,
			);
			defaultConfigurationIsVisible = 0;
			defaultConfigurationName = Release;
		};
		DF7E238C2D985D34000715BA /* Build configuration list for PBXNativeTarget "ReactiveListViewKitDemo" */ = {
			isa = XCConfigurationList;
			buildConfigurations = (
				DF7E238D2D985D34000715BA /* Debug */,
				DF7E238E2D985D34000715BA /* Release */,
			);
			defaultConfigurationIsVisible = 0;
			defaultConfigurationName = Release;
		};
		DF7E23912D985D34000715BA /* Build configuration list for PBXNativeTarget "ReactiveListViewKitDemoTests" */ = {
			isa = XCConfigurationList;
			buildConfigurations = (
				DF7E23922D985D34000715BA /* Debug */,
				DF7E23932D985D34000715BA /* Release */,
			);
			defaultConfigurationIsVisible = 0;
			defaultConfigurationName = Release;
		};
		DF7E23942D985D34000715BA /* Build configuration list for PBXNativeTarget "ReactiveListViewKitDemoUITests" */ = {
			isa = XCConfigurationList;
			buildConfigurations = (
				DF7E23952D985D34000715BA /* Debug */,
				DF7E23962D985D34000715BA /* Release */,
			);
			defaultConfigurationIsVisible = 0;
			defaultConfigurationName = Release;
		};
/* End XCConfigurationList section */

/* Begin XCRemoteSwiftPackageReference section */
		DF7E24AA2D985F8F000715BA /* XCRemoteSwiftPackageReference "CZUtils" */ = {
			isa = XCRemoteSwiftPackageReference;
			repositoryURL = "https://github.com/geekaurora/CZUtils.git";
			requirement = {
				kind = upToNextMajorVersion;
				minimumVersion = 4.5.1;
			};
		};
		DF7E24BC2D986066000715BA /* XCRemoteSwiftPackageReference "CZWebImage" */ = {
			isa = XCRemoteSwiftPackageReference;
			repositoryURL = "https://github.com/geekaurora/CZWebImage.git";
			requirement = {
				kind = upToNextMajorVersion;
				minimumVersion = 3.6.7;
			};
		};
/* End XCRemoteSwiftPackageReference section */

/* Begin XCSwiftPackageProductDependency section */
		DF7E24AC2D985FA1000715BA /* CZUtils */ = {
			isa = XCSwiftPackageProductDependency;
			package = DF7E24AA2D985F8F000715BA /* XCRemoteSwiftPackageReference "CZUtils" */;
			productName = CZUtils;
		};
		DF7E24BD2D986066000715BA /* CZWebImage */ = {
			isa = XCSwiftPackageProductDependency;
			package = DF7E24BC2D986066000715BA /* XCRemoteSwiftPackageReference "CZWebImage" */;
			productName = CZWebImage;
		};
/* End XCSwiftPackageProductDependency section */
	};
	rootObject = DF7E235B2D985D31000715BA /* Project object */;
}
