// !$*UTF8*$!
{
	archiveVersion = 1;
	classes = {
	};
	objectVersion = 46;
	objects = {

/* Begin PBXAggregateTarget section */
		"CZUtils::CZUtilsPackageTests::ProductTarget" /* CZUtilsPackageTests */ = {
			isa = PBXAggregateTarget;
			buildConfigurationList = OBJ_101 /* Build configuration list for PBXAggregateTarget "CZUtilsPackageTests" */;
			buildPhases = (
			);
			dependencies = (
				OBJ_104 /* PBXTargetDependency */,
			);
			name = CZUtilsPackageTests;
			productName = CZUtilsPackageTests;
		};
/* End PBXAggregateTarget section */

/* Begin PBXBuildFile section */
		C3C4FA8324014A90009C49A0 /* RegExHelper.swift in Sources */ = {isa = PBXBuildFile; fileRef = C3C4FA8224014A8F009C49A0 /* RegExHelper.swift */; };
		OBJ_110 /* CZUtilsTests.swift in Sources */ = {isa = PBXBuildFile; fileRef = OBJ_47 /* CZUtilsTests.swift */; };
		OBJ_111 /* TestArray.swift in Sources */ = {isa = PBXBuildFile; fileRef = OBJ_48 /* TestArray.swift */; };
		OBJ_112 /* TestThreadSafeDictionary.swift in Sources */ = {isa = PBXBuildFile; fileRef = OBJ_49 /* TestThreadSafeDictionary.swift */; };
		OBJ_113 /* XCTestManifests.swift in Sources */ = {isa = PBXBuildFile; fileRef = OBJ_50 /* XCTestManifests.swift */; };
		OBJ_115 /* CZUtils.framework in Frameworks */ = {isa = PBXBuildFile; fileRef = "CZUtils::CZUtils::Product" /* CZUtils.framework */; };
		OBJ_60 /* CZAlertManager.swift in Sources */ = {isa = PBXBuildFile; fileRef = OBJ_9 /* CZAlertManager.swift */; };
		OBJ_61 /* CZConcurrentOperation.swift in Sources */ = {isa = PBXBuildFile; fileRef = OBJ_10 /* CZConcurrentOperation.swift */; };
		OBJ_62 /* CZDictionary.swift in Sources */ = {isa = PBXBuildFile; fileRef = OBJ_11 /* CZDictionary.swift */; };
		OBJ_63 /* CZError.swift in Sources */ = {isa = PBXBuildFile; fileRef = OBJ_12 /* CZError.swift */; };
		OBJ_64 /* CZFileHelper.swift in Sources */ = {isa = PBXBuildFile; fileRef = OBJ_13 /* CZFileHelper.swift */; };
		OBJ_65 /* CZHTTPJsonSerializer.swift in Sources */ = {isa = PBXBuildFile; fileRef = OBJ_14 /* CZHTTPJsonSerializer.swift */; };
		OBJ_66 /* CZMainQueueScheduler.swift in Sources */ = {isa = PBXBuildFile; fileRef = OBJ_15 /* CZMainQueueScheduler.swift */; };
		OBJ_67 /* CZMutexLock.swift in Sources */ = {isa = PBXBuildFile; fileRef = OBJ_16 /* CZMutexLock.swift */; };
		OBJ_68 /* CZNibLoadable.swift in Sources */ = {isa = PBXBuildFile; fileRef = OBJ_17 /* CZNibLoadable.swift */; };
		OBJ_69 /* CZProMutexLock.swift in Sources */ = {isa = PBXBuildFile; fileRef = OBJ_18 /* CZProMutexLock.swift */; };
		OBJ_70 /* CZTheme.swift in Sources */ = {isa = PBXBuildFile; fileRef = OBJ_19 /* CZTheme.swift */; };
		OBJ_71 /* CZUtils.swift in Sources */ = {isa = PBXBuildFile; fileRef = OBJ_20 /* CZUtils.swift */; };
		OBJ_72 /* Error+.swift in Sources */ = {isa = PBXBuildFile; fileRef = OBJ_21 /* Error+.swift */; };
		OBJ_73 /* Array+.swift in Sources */ = {isa = PBXBuildFile; fileRef = OBJ_23 /* Array+.swift */; };
		OBJ_74 /* Character+.swift in Sources */ = {isa = PBXBuildFile; fileRef = OBJ_24 /* Character+.swift */; };
		OBJ_75 /* Codable+.swift in Sources */ = {isa = PBXBuildFile; fileRef = OBJ_25 /* Codable+.swift */; };
		OBJ_76 /* Date+.swift in Sources */ = {isa = PBXBuildFile; fileRef = OBJ_26 /* Date+.swift */; };
		OBJ_77 /* Dictionary+.swift in Sources */ = {isa = PBXBuildFile; fileRef = OBJ_27 /* Dictionary+.swift */; };
		OBJ_78 /* NSObject+.swift in Sources */ = {isa = PBXBuildFile; fileRef = OBJ_28 /* NSObject+.swift */; };
		OBJ_79 /* Optional+.swift in Sources */ = {isa = PBXBuildFile; fileRef = OBJ_29 /* Optional+.swift */; };
		OBJ_80 /* Set+.swift in Sources */ = {isa = PBXBuildFile; fileRef = OBJ_30 /* Set+.swift */; };
		OBJ_81 /* String+.swift in Sources */ = {isa = PBXBuildFile; fileRef = OBJ_31 /* String+.swift */; };
		OBJ_82 /* UIButton+.swift in Sources */ = {isa = PBXBuildFile; fileRef = OBJ_32 /* UIButton+.swift */; };
		OBJ_83 /* UIImage+.swift in Sources */ = {isa = PBXBuildFile; fileRef = OBJ_33 /* UIImage+.swift */; };
		OBJ_84 /* UIScreen+.swift in Sources */ = {isa = PBXBuildFile; fileRef = OBJ_34 /* UIScreen+.swift */; };
		OBJ_85 /* UIView+.swift in Sources */ = {isa = PBXBuildFile; fileRef = OBJ_35 /* UIView+.swift */; };
		OBJ_86 /* UIViewController+.swift in Sources */ = {isa = PBXBuildFile; fileRef = OBJ_36 /* UIViewController+.swift */; };
		OBJ_87 /* CZDispatchGroup.swift in Sources */ = {isa = PBXBuildFile; fileRef = OBJ_38 /* CZDispatchGroup.swift */; };
		OBJ_88 /* CriticalSectionLock.swift in Sources */ = {isa = PBXBuildFile; fileRef = OBJ_39 /* CriticalSectionLock.swift */; };
		OBJ_89 /* NSNullGuard.swift in Sources */ = {isa = PBXBuildFile; fileRef = OBJ_40 /* NSNullGuard.swift */; };
		OBJ_90 /* Swizzling.swift in Sources */ = {isa = PBXBuildFile; fileRef = OBJ_41 /* Swizzling.swift */; };
		OBJ_91 /* ThreadSafeDictionary.swift in Sources */ = {isa = PBXBuildFile; fileRef = OBJ_42 /* ThreadSafeDictionary.swift */; };
		OBJ_92 /* PrettyDescription.swift in Sources */ = {isa = PBXBuildFile; fileRef = OBJ_44 /* PrettyDescription.swift */; };
		OBJ_99 /* Package.swift in Sources */ = {isa = PBXBuildFile; fileRef = OBJ_6 /* Package.swift */; };
/* End PBXBuildFile section */

/* Begin PBXContainerItemProxy section */
		DFB63C4823F93B4B00E106BB /* PBXContainerItemProxy */ = {
			isa = PBXContainerItemProxy;
			containerPortal = OBJ_1 /* Project object */;
			proxyType = 1;
			remoteGlobalIDString = "CZUtils::CZUtils";
			remoteInfo = CZUtils;
		};
		DFB63C4923F93B4B00E106BB /* PBXContainerItemProxy */ = {
			isa = PBXContainerItemProxy;
			containerPortal = OBJ_1 /* Project object */;
			proxyType = 1;
			remoteGlobalIDString = "CZUtils::CZUtilsTests";
			remoteInfo = CZUtilsTests;
		};
/* End PBXContainerItemProxy section */

/* Begin PBXFileReference section */
		C3C4FA1C2400F95C009C49A0 /* Info.plist */ = {isa = PBXFileReference; fileEncoding = 4; lastKnownFileType = text.plist.xml; path = Info.plist; sourceTree = "<group>"; };
		C3C4FA8224014A8F009C49A0 /* RegExHelper.swift */ = {isa = PBXFileReference; fileEncoding = 4; lastKnownFileType = sourcecode.swift; path = RegExHelper.swift; sourceTree = "<group>"; };
		"CZUtils::CZUtils::Product" /* CZUtils.framework */ = {isa = PBXFileReference; explicitFileType = wrapper.framework; path = CZUtils.framework; sourceTree = BUILT_PRODUCTS_DIR; };
		"CZUtils::CZUtilsTests::Product" /* CZUtilsTests.xctest */ = {isa = PBXFileReference; lastKnownFileType = file; path = CZUtilsTests.xctest; sourceTree = BUILT_PRODUCTS_DIR; };
		OBJ_10 /* CZConcurrentOperation.swift */ = {isa = PBXFileReference; lastKnownFileType = sourcecode.swift; path = CZConcurrentOperation.swift; sourceTree = "<group>"; };
		OBJ_11 /* CZDictionary.swift */ = {isa = PBXFileReference; lastKnownFileType = sourcecode.swift; path = CZDictionary.swift; sourceTree = "<group>"; };
		OBJ_12 /* CZError.swift */ = {isa = PBXFileReference; lastKnownFileType = sourcecode.swift; path = CZError.swift; sourceTree = "<group>"; };
		OBJ_13 /* CZFileHelper.swift */ = {isa = PBXFileReference; lastKnownFileType = sourcecode.swift; path = CZFileHelper.swift; sourceTree = "<group>"; };
		OBJ_14 /* CZHTTPJsonSerializer.swift */ = {isa = PBXFileReference; lastKnownFileType = sourcecode.swift; path = CZHTTPJsonSerializer.swift; sourceTree = "<group>"; };
		OBJ_15 /* CZMainQueueScheduler.swift */ = {isa = PBXFileReference; lastKnownFileType = sourcecode.swift; path = CZMainQueueScheduler.swift; sourceTree = "<group>"; };
		OBJ_16 /* CZMutexLock.swift */ = {isa = PBXFileReference; lastKnownFileType = sourcecode.swift; path = CZMutexLock.swift; sourceTree = "<group>"; };
		OBJ_17 /* CZNibLoadable.swift */ = {isa = PBXFileReference; lastKnownFileType = sourcecode.swift; path = CZNibLoadable.swift; sourceTree = "<group>"; };
		OBJ_18 /* CZProMutexLock.swift */ = {isa = PBXFileReference; lastKnownFileType = sourcecode.swift; path = CZProMutexLock.swift; sourceTree = "<group>"; };
		OBJ_19 /* CZTheme.swift */ = {isa = PBXFileReference; lastKnownFileType = sourcecode.swift; path = CZTheme.swift; sourceTree = "<group>"; };
		OBJ_20 /* CZUtils.swift */ = {isa = PBXFileReference; lastKnownFileType = sourcecode.swift; path = CZUtils.swift; sourceTree = "<group>"; };
		OBJ_21 /* Error+.swift */ = {isa = PBXFileReference; lastKnownFileType = sourcecode.swift; path = "Error+.swift"; sourceTree = "<group>"; };
		OBJ_23 /* Array+.swift */ = {isa = PBXFileReference; lastKnownFileType = sourcecode.swift; path = "Array+.swift"; sourceTree = "<group>"; };
		OBJ_24 /* Character+.swift */ = {isa = PBXFileReference; lastKnownFileType = sourcecode.swift; path = "Character+.swift"; sourceTree = "<group>"; };
		OBJ_25 /* Codable+.swift */ = {isa = PBXFileReference; lastKnownFileType = sourcecode.swift; path = "Codable+.swift"; sourceTree = "<group>"; };
		OBJ_26 /* Date+.swift */ = {isa = PBXFileReference; lastKnownFileType = sourcecode.swift; path = "Date+.swift"; sourceTree = "<group>"; };
		OBJ_27 /* Dictionary+.swift */ = {isa = PBXFileReference; lastKnownFileType = sourcecode.swift; path = "Dictionary+.swift"; sourceTree = "<group>"; };
		OBJ_28 /* NSObject+.swift */ = {isa = PBXFileReference; lastKnownFileType = sourcecode.swift; path = "NSObject+.swift"; sourceTree = "<group>"; };
		OBJ_29 /* Optional+.swift */ = {isa = PBXFileReference; lastKnownFileType = sourcecode.swift; path = "Optional+.swift"; sourceTree = "<group>"; };
		OBJ_30 /* Set+.swift */ = {isa = PBXFileReference; lastKnownFileType = sourcecode.swift; path = "Set+.swift"; sourceTree = "<group>"; };
		OBJ_31 /* String+.swift */ = {isa = PBXFileReference; lastKnownFileType = sourcecode.swift; path = "String+.swift"; sourceTree = "<group>"; };
		OBJ_32 /* UIButton+.swift */ = {isa = PBXFileReference; lastKnownFileType = sourcecode.swift; path = "UIButton+.swift"; sourceTree = "<group>"; };
		OBJ_33 /* UIImage+.swift */ = {isa = PBXFileReference; lastKnownFileType = sourcecode.swift; path = "UIImage+.swift"; sourceTree = "<group>"; };
		OBJ_34 /* UIScreen+.swift */ = {isa = PBXFileReference; lastKnownFileType = sourcecode.swift; path = "UIScreen+.swift"; sourceTree = "<group>"; };
		OBJ_35 /* UIView+.swift */ = {isa = PBXFileReference; lastKnownFileType = sourcecode.swift; path = "UIView+.swift"; sourceTree = "<group>"; };
		OBJ_36 /* UIViewController+.swift */ = {isa = PBXFileReference; lastKnownFileType = sourcecode.swift; path = "UIViewController+.swift"; sourceTree = "<group>"; };
		OBJ_38 /* CZDispatchGroup.swift */ = {isa = PBXFileReference; lastKnownFileType = sourcecode.swift; path = CZDispatchGroup.swift; sourceTree = "<group>"; };
		OBJ_39 /* CriticalSectionLock.swift */ = {isa = PBXFileReference; lastKnownFileType = sourcecode.swift; path = CriticalSectionLock.swift; sourceTree = "<group>"; };
		OBJ_40 /* NSNullGuard.swift */ = {isa = PBXFileReference; lastKnownFileType = sourcecode.swift; path = NSNullGuard.swift; sourceTree = "<group>"; };
		OBJ_41 /* Swizzling.swift */ = {isa = PBXFileReference; lastKnownFileType = sourcecode.swift; path = Swizzling.swift; sourceTree = "<group>"; };
		OBJ_42 /* ThreadSafeDictionary.swift */ = {isa = PBXFileReference; lastKnownFileType = sourcecode.swift; path = ThreadSafeDictionary.swift; sourceTree = "<group>"; };
		OBJ_44 /* PrettyDescription.swift */ = {isa = PBXFileReference; lastKnownFileType = sourcecode.swift; path = PrettyDescription.swift; sourceTree = "<group>"; };
		OBJ_47 /* CZUtilsTests.swift */ = {isa = PBXFileReference; lastKnownFileType = sourcecode.swift; path = CZUtilsTests.swift; sourceTree = "<group>"; };
		OBJ_48 /* TestArray.swift */ = {isa = PBXFileReference; lastKnownFileType = sourcecode.swift; path = TestArray.swift; sourceTree = "<group>"; };
		OBJ_49 /* TestThreadSafeDictionary.swift */ = {isa = PBXFileReference; lastKnownFileType = sourcecode.swift; path = TestThreadSafeDictionary.swift; sourceTree = "<group>"; };
		OBJ_50 /* XCTestManifests.swift */ = {isa = PBXFileReference; lastKnownFileType = sourcecode.swift; path = XCTestManifests.swift; sourceTree = "<group>"; };
		OBJ_54 /* README.md */ = {isa = PBXFileReference; lastKnownFileType = net.daringfireball.markdown; path = README.md; sourceTree = "<group>"; };
		OBJ_6 /* Package.swift */ = {isa = PBXFileReference; explicitFileType = sourcecode.swift; path = Package.swift; sourceTree = "<group>"; };
		OBJ_9 /* CZAlertManager.swift */ = {isa = PBXFileReference; lastKnownFileType = sourcecode.swift; path = CZAlertManager.swift; sourceTree = "<group>"; };
/* End PBXFileReference section */

/* Begin PBXFrameworksBuildPhase section */
		OBJ_114 /* Frameworks */ = {
			isa = PBXFrameworksBuildPhase;
			buildActionMask = 0;
			files = (
				OBJ_115 /* CZUtils.framework in Frameworks */,
			);
			runOnlyForDeploymentPostprocessing = 0;
		};
		OBJ_93 /* Frameworks */ = {
			isa = PBXFrameworksBuildPhase;
			buildActionMask = 0;
			files = (
			);
			runOnlyForDeploymentPostprocessing = 0;
		};
/* End PBXFrameworksBuildPhase section */

/* Begin PBXGroup section */
		OBJ_22 /* Extensions */ = {
			isa = PBXGroup;
			children = (
				OBJ_23 /* Array+.swift */,
				OBJ_24 /* Character+.swift */,
				OBJ_25 /* Codable+.swift */,
				OBJ_26 /* Date+.swift */,
				OBJ_27 /* Dictionary+.swift */,
				OBJ_28 /* NSObject+.swift */,
				OBJ_29 /* Optional+.swift */,
				OBJ_30 /* Set+.swift */,
				OBJ_31 /* String+.swift */,
				OBJ_32 /* UIButton+.swift */,
				OBJ_33 /* UIImage+.swift */,
				OBJ_34 /* UIScreen+.swift */,
				OBJ_35 /* UIView+.swift */,
				OBJ_36 /* UIViewController+.swift */,
			);
			path = Extensions;
			sourceTree = "<group>";
		};
		OBJ_37 /* Investigation */ = {
			isa = PBXGroup;
			children = (
				OBJ_38 /* CZDispatchGroup.swift */,
				OBJ_39 /* CriticalSectionLock.swift */,
			);
			path = Investigation;
			sourceTree = "<group>";
		};
		OBJ_43 /* Utils */ = {
			isa = PBXGroup;
			children = (
				OBJ_44 /* PrettyDescription.swift */,
			);
			path = Utils;
			sourceTree = "<group>";
		};
		OBJ_45 /* Tests */ = {
			isa = PBXGroup;
			children = (
				OBJ_46 /* CZUtilsTests */,
			);
			name = Tests;
			sourceTree = SOURCE_ROOT;
		};
		OBJ_46 /* CZUtilsTests */ = {
			isa = PBXGroup;
			children = (
				OBJ_47 /* CZUtilsTests.swift */,
				OBJ_48 /* TestArray.swift */,
				OBJ_49 /* TestThreadSafeDictionary.swift */,
				OBJ_50 /* XCTestManifests.swift */,
			);
			name = CZUtilsTests;
			path = Tests/CZUtilsTests;
			sourceTree = SOURCE_ROOT;
		};
		OBJ_5 = {
			isa = PBXGroup;
			children = (
				OBJ_6 /* Package.swift */,
				C3C4FA1C2400F95C009C49A0 /* Info.plist */,
				OBJ_7 /* Sources */,
				OBJ_45 /* Tests */,
				OBJ_51 /* Products */,
				OBJ_54 /* README.md */,
			);
			sourceTree = "<group>";
		};
		OBJ_51 /* Products */ = {
			isa = PBXGroup;
			children = (
				"CZUtils::CZUtils::Product" /* CZUtils.framework */,
				"CZUtils::CZUtilsTests::Product" /* CZUtilsTests.xctest */,
			);
			name = Products;
			sourceTree = BUILT_PRODUCTS_DIR;
		};
		OBJ_7 /* Sources */ = {
			isa = PBXGroup;
			children = (
				OBJ_8 /* CZUtils */,
			);
			name = Sources;
			sourceTree = SOURCE_ROOT;
		};
		OBJ_8 /* CZUtils */ = {
			isa = PBXGroup;
			children = (
				OBJ_9 /* CZAlertManager.swift */,
				OBJ_10 /* CZConcurrentOperation.swift */,
				OBJ_11 /* CZDictionary.swift */,
				OBJ_12 /* CZError.swift */,
				OBJ_13 /* CZFileHelper.swift */,
				OBJ_14 /* CZHTTPJsonSerializer.swift */,
				OBJ_15 /* CZMainQueueScheduler.swift */,
				OBJ_16 /* CZMutexLock.swift */,
				OBJ_17 /* CZNibLoadable.swift */,
				OBJ_18 /* CZProMutexLock.swift */,
				OBJ_19 /* CZTheme.swift */,
				OBJ_20 /* CZUtils.swift */,
				OBJ_21 /* Error+.swift */,
				C3C4FA8224014A8F009C49A0 /* RegExHelper.swift */,
				OBJ_22 /* Extensions */,
				OBJ_37 /* Investigation */,
				OBJ_40 /* NSNullGuard.swift */,
				OBJ_41 /* Swizzling.swift */,
				OBJ_42 /* ThreadSafeDictionary.swift */,
				OBJ_43 /* Utils */,
			);
			name = CZUtils;
			path = Sources/CZUtils;
			sourceTree = SOURCE_ROOT;
		};
/* End PBXGroup section */

/* Begin PBXNativeTarget section */
		"CZUtils::CZUtils" /* CZUtils */ = {
			isa = PBXNativeTarget;
			buildConfigurationList = OBJ_56 /* Build configuration list for PBXNativeTarget "CZUtils" */;
			buildPhases = (
				OBJ_59 /* Sources */,
				OBJ_93 /* Frameworks */,
			);
			buildRules = (
			);
			dependencies = (
			);
			name = CZUtils;
			productName = CZUtils;
			productReference = "CZUtils::CZUtils::Product" /* CZUtils.framework */;
			productType = "com.apple.product-type.framework";
		};
		"CZUtils::CZUtilsTests" /* CZUtilsTests */ = {
			isa = PBXNativeTarget;
			buildConfigurationList = OBJ_106 /* Build configuration list for PBXNativeTarget "CZUtilsTests" */;
			buildPhases = (
				OBJ_109 /* Sources */,
				OBJ_114 /* Frameworks */,
			);
			buildRules = (
			);
			dependencies = (
				OBJ_116 /* PBXTargetDependency */,
			);
			name = CZUtilsTests;
			productName = CZUtilsTests;
			productReference = "CZUtils::CZUtilsTests::Product" /* CZUtilsTests.xctest */;
			productType = "com.apple.product-type.bundle.unit-test";
		};
		"CZUtils::SwiftPMPackageDescription" /* CZUtilsPackageDescription */ = {
			isa = PBXNativeTarget;
			buildConfigurationList = OBJ_95 /* Build configuration list for PBXNativeTarget "CZUtilsPackageDescription" */;
			buildPhases = (
				OBJ_98 /* Sources */,
			);
			buildRules = (
			);
			dependencies = (
			);
			name = CZUtilsPackageDescription;
			productName = CZUtilsPackageDescription;
			productType = "com.apple.product-type.framework";
		};
/* End PBXNativeTarget section */

/* Begin PBXProject section */
		OBJ_1 /* Project object */ = {
			isa = PBXProject;
			attributes = {
				LastSwiftMigration = 9999;
				LastUpgradeCheck = 9999;
				TargetAttributes = {
					"CZUtils::CZUtils" = {
						DevelopmentTeam = 55RDUQ8X48;
					};
				};
			};
			buildConfigurationList = OBJ_2 /* Build configuration list for PBXProject "CZUtils" */;
			compatibilityVersion = "Xcode 3.2";
			developmentRegion = en;
			hasScannedForEncodings = 0;
			knownRegions = (
				en,
			);
			mainGroup = OBJ_5;
			productRefGroup = OBJ_51 /* Products */;
			projectDirPath = "";
			projectRoot = "";
			targets = (
				"CZUtils::CZUtils" /* CZUtils */,
				"CZUtils::SwiftPMPackageDescription" /* CZUtilsPackageDescription */,
				"CZUtils::CZUtilsPackageTests::ProductTarget" /* CZUtilsPackageTests */,
				"CZUtils::CZUtilsTests" /* CZUtilsTests */,
			);
		};
/* End PBXProject section */

/* Begin PBXSourcesBuildPhase section */
		OBJ_109 /* Sources */ = {
			isa = PBXSourcesBuildPhase;
			buildActionMask = 0;
			files = (
				OBJ_110 /* CZUtilsTests.swift in Sources */,
				OBJ_111 /* TestArray.swift in Sources */,
				OBJ_112 /* TestThreadSafeDictionary.swift in Sources */,
				OBJ_113 /* XCTestManifests.swift in Sources */,
			);
			runOnlyForDeploymentPostprocessing = 0;
		};
		OBJ_59 /* Sources */ = {
			isa = PBXSourcesBuildPhase;
			buildActionMask = 0;
			files = (
				OBJ_60 /* CZAlertManager.swift in Sources */,
				OBJ_61 /* CZConcurrentOperation.swift in Sources */,
				OBJ_62 /* CZDictionary.swift in Sources */,
				OBJ_63 /* CZError.swift in Sources */,
				OBJ_64 /* CZFileHelper.swift in Sources */,
				OBJ_65 /* CZHTTPJsonSerializer.swift in Sources */,
				OBJ_66 /* CZMainQueueScheduler.swift in Sources */,
				OBJ_67 /* CZMutexLock.swift in Sources */,
				OBJ_68 /* CZNibLoadable.swift in Sources */,
				OBJ_69 /* CZProMutexLock.swift in Sources */,
				OBJ_70 /* CZTheme.swift in Sources */,
				OBJ_71 /* CZUtils.swift in Sources */,
				OBJ_72 /* Error+.swift in Sources */,
				OBJ_73 /* Array+.swift in Sources */,
				OBJ_74 /* Character+.swift in Sources */,
				OBJ_75 /* Codable+.swift in Sources */,
				OBJ_76 /* Date+.swift in Sources */,
				OBJ_77 /* Dictionary+.swift in Sources */,
				OBJ_78 /* NSObject+.swift in Sources */,
				OBJ_79 /* Optional+.swift in Sources */,
				OBJ_80 /* Set+.swift in Sources */,
				OBJ_81 /* String+.swift in Sources */,
				OBJ_82 /* UIButton+.swift in Sources */,
				OBJ_83 /* UIImage+.swift in Sources */,
				OBJ_84 /* UIScreen+.swift in Sources */,
				OBJ_85 /* UIView+.swift in Sources */,
				OBJ_86 /* UIViewController+.swift in Sources */,
				C3C4FA8324014A90009C49A0 /* RegExHelper.swift in Sources */,
				OBJ_87 /* CZDispatchGroup.swift in Sources */,
				OBJ_88 /* CriticalSectionLock.swift in Sources */,
				OBJ_89 /* NSNullGuard.swift in Sources */,
				OBJ_90 /* Swizzling.swift in Sources */,
				OBJ_91 /* ThreadSafeDictionary.swift in Sources */,
				OBJ_92 /* PrettyDescription.swift in Sources */,
			);
			runOnlyForDeploymentPostprocessing = 0;
		};
		OBJ_98 /* Sources */ = {
			isa = PBXSourcesBuildPhase;
			buildActionMask = 0;
			files = (
				OBJ_99 /* Package.swift in Sources */,
			);
			runOnlyForDeploymentPostprocessing = 0;
		};
/* End PBXSourcesBuildPhase section */

/* Begin PBXTargetDependency section */
		OBJ_104 /* PBXTargetDependency */ = {
			isa = PBXTargetDependency;
			target = "CZUtils::CZUtilsTests" /* CZUtilsTests */;
			targetProxy = DFB63C4923F93B4B00E106BB /* PBXContainerItemProxy */;
		};
		OBJ_116 /* PBXTargetDependency */ = {
			isa = PBXTargetDependency;
			target = "CZUtils::CZUtils" /* CZUtils */;
			targetProxy = DFB63C4823F93B4B00E106BB /* PBXContainerItemProxy */;
		};
/* End PBXTargetDependency section */

/* Begin XCBuildConfiguration section */
		OBJ_102 /* Debug */ = {
			isa = XCBuildConfiguration;
			buildSettings = {
			};
			name = Debug;
		};
		OBJ_103 /* Release */ = {
			isa = XCBuildConfiguration;
			buildSettings = {
			};
			name = Release;
		};
		OBJ_107 /* Debug */ = {
			isa = XCBuildConfiguration;
			buildSettings = {
				CLANG_ENABLE_MODULES = YES;
				EMBEDDED_CONTENT_CONTAINS_SWIFT = YES;
				FRAMEWORK_SEARCH_PATHS = (
					"$(inherited)",
					"$(PLATFORM_DIR)/Developer/Library/Frameworks",
				);
				HEADER_SEARCH_PATHS = "$(inherited)";
				INFOPLIST_FILE = CZUtils.xcodeproj/CZUtilsTests_Info.plist;
				IPHONEOS_DEPLOYMENT_TARGET = 9.0;
				LD_RUNPATH_SEARCH_PATHS = "$(inherited) @loader_path/../Frameworks @loader_path/Frameworks";
				MACOSX_DEPLOYMENT_TARGET = 10.10;
				OTHER_CFLAGS = "$(inherited)";
				OTHER_LDFLAGS = "$(inherited)";
				OTHER_SWIFT_FLAGS = "$(inherited)";
				SWIFT_ACTIVE_COMPILATION_CONDITIONS = "$(inherited)";
				SWIFT_VERSION = 5.0;
				TARGET_NAME = CZUtilsTests;
				TVOS_DEPLOYMENT_TARGET = 9.0;
				WATCHOS_DEPLOYMENT_TARGET = 2.0;
			};
			name = Debug;
		};
		OBJ_108 /* Release */ = {
			isa = XCBuildConfiguration;
			buildSettings = {
				CLANG_ENABLE_MODULES = YES;
				EMBEDDED_CONTENT_CONTAINS_SWIFT = YES;
				FRAMEWORK_SEARCH_PATHS = (
					"$(inherited)",
					"$(PLATFORM_DIR)/Developer/Library/Frameworks",
				);
				HEADER_SEARCH_PATHS = "$(inherited)";
				INFOPLIST_FILE = CZUtils.xcodeproj/CZUtilsTests_Info.plist;
				IPHONEOS_DEPLOYMENT_TARGET = 9.0;
				LD_RUNPATH_SEARCH_PATHS = "$(inherited) @loader_path/../Frameworks @loader_path/Frameworks";
				MACOSX_DEPLOYMENT_TARGET = 10.10;
				OTHER_CFLAGS = "$(inherited)";
				OTHER_LDFLAGS = "$(inherited)";
				OTHER_SWIFT_FLAGS = "$(inherited)";
				SWIFT_ACTIVE_COMPILATION_CONDITIONS = "$(inherited)";
				SWIFT_VERSION = 5.0;
				TARGET_NAME = CZUtilsTests;
				TVOS_DEPLOYMENT_TARGET = 9.0;
				WATCHOS_DEPLOYMENT_TARGET = 2.0;
			};
			name = Release;
		};
		OBJ_3 /* Debug */ = {
			isa = XCBuildConfiguration;
			buildSettings = {
				CLANG_ENABLE_OBJC_ARC = YES;
				COMBINE_HIDPI_IMAGES = YES;
				COPY_PHASE_STRIP = NO;
				DEBUG_INFORMATION_FORMAT = dwarf;
				DYLIB_INSTALL_NAME_BASE = "@rpath";
				ENABLE_NS_ASSERTIONS = YES;
				GCC_OPTIMIZATION_LEVEL = 0;
				GCC_PREPROCESSOR_DEFINITIONS = (
					"$(inherited)",
					"SWIFT_PACKAGE=1",
					"DEBUG=1",
				);
				IPHONEOS_DEPLOYMENT_TARGET = 11.0;
				MACOSX_DEPLOYMENT_TARGET = 10.10;
				ONLY_ACTIVE_ARCH = YES;
				OTHER_SWIFT_FLAGS = "$(inherited) -DXcode";
				PRODUCT_NAME = "$(TARGET_NAME)";
				SDKROOT = iphoneos;
				SUPPORTED_PLATFORMS = "macosx iphoneos iphonesimulator appletvos appletvsimulator watchos watchsimulator";
				SWIFT_ACTIVE_COMPILATION_CONDITIONS = "$(inherited) SWIFT_PACKAGE DEBUG";
				SWIFT_OPTIMIZATION_LEVEL = "-Onone";
				USE_HEADERMAP = NO;
			};
			name = Debug;
		};
		OBJ_4 /* Release */ = {
			isa = XCBuildConfiguration;
			buildSettings = {
				CLANG_ENABLE_OBJC_ARC = YES;
				COMBINE_HIDPI_IMAGES = YES;
				COPY_PHASE_STRIP = YES;
				DEBUG_INFORMATION_FORMAT = "dwarf-with-dsym";
				DYLIB_INSTALL_NAME_BASE = "@rpath";
				GCC_OPTIMIZATION_LEVEL = s;
				GCC_PREPROCESSOR_DEFINITIONS = (
					"$(inherited)",
					"SWIFT_PACKAGE=1",
				);
				IPHONEOS_DEPLOYMENT_TARGET = 11.0;
				MACOSX_DEPLOYMENT_TARGET = 10.10;
				OTHER_SWIFT_FLAGS = "$(inherited) -DXcode";
				PRODUCT_NAME = "$(TARGET_NAME)";
				SDKROOT = iphoneos;
				SUPPORTED_PLATFORMS = "macosx iphoneos iphonesimulator appletvos appletvsimulator watchos watchsimulator";
				SWIFT_ACTIVE_COMPILATION_CONDITIONS = "$(inherited) SWIFT_PACKAGE";
				SWIFT_OPTIMIZATION_LEVEL = "-Owholemodule";
				USE_HEADERMAP = NO;
			};
			name = Release;
		};
		OBJ_57 /* Debug */ = {
			isa = XCBuildConfiguration;
			buildSettings = {
				CODE_SIGN_IDENTITY = "Apple Development";
				DEVELOPMENT_TEAM = 55RDUQ8X48;
				ENABLE_TESTABILITY = YES;
				FRAMEWORK_SEARCH_PATHS = (
					"$(inherited)",
					"$(PLATFORM_DIR)/Developer/Library/Frameworks",
				);
				HEADER_SEARCH_PATHS = "$(inherited)";
				INFOPLIST_FILE = "$(SRCROOT)/Info.plist";
				IPHONEOS_DEPLOYMENT_TARGET = 11.0;
				LD_RUNPATH_SEARCH_PATHS = "$(inherited) $(TOOLCHAIN_DIR)/usr/lib/swift/macosx";
				MACOSX_DEPLOYMENT_TARGET = 10.10;
				OTHER_CFLAGS = "$(inherited)";
				OTHER_LDFLAGS = "$(inherited)";
				OTHER_SWIFT_FLAGS = "$(inherited)";
				PRODUCT_BUNDLE_IDENTIFIER = CZUtils;
				PRODUCT_MODULE_NAME = "$(TARGET_NAME:c99extidentifier)";
				PRODUCT_NAME = "$(TARGET_NAME:c99extidentifier)";
				SKIP_INSTALL = YES;
				SWIFT_ACTIVE_COMPILATION_CONDITIONS = "$(inherited)";
				SWIFT_VERSION = 5.0;
				TARGET_NAME = CZUtils;
				TVOS_DEPLOYMENT_TARGET = 9.0;
				WATCHOS_DEPLOYMENT_TARGET = 2.0;
			};
			name = Debug;
		};
		OBJ_58 /* Release */ = {
			isa = XCBuildConfiguration;
			buildSettings = {
				CODE_SIGN_IDENTITY = "Apple Development";
				DEVELOPMENT_TEAM = 55RDUQ8X48;
				ENABLE_TESTABILITY = YES;
				FRAMEWORK_SEARCH_PATHS = (
					"$(inherited)",
					"$(PLATFORM_DIR)/Developer/Library/Frameworks",
				);
				HEADER_SEARCH_PATHS = "$(inherited)";
				INFOPLIST_FILE = "$(SRCROOT)/Info.plist";
				IPHONEOS_DEPLOYMENT_TARGET = 11.0;
				LD_RUNPATH_SEARCH_PATHS = "$(inherited) $(TOOLCHAIN_DIR)/usr/lib/swift/macosx";
				MACOSX_DEPLOYMENT_TARGET = 10.10;
				OTHER_CFLAGS = "$(inherited)";
				OTHER_LDFLAGS = "$(inherited)";
				OTHER_SWIFT_FLAGS = "$(inherited)";
				PRODUCT_BUNDLE_IDENTIFIER = CZUtils;
				PRODUCT_MODULE_NAME = "$(TARGET_NAME:c99extidentifier)";
				PRODUCT_NAME = "$(TARGET_NAME:c99extidentifier)";
				SKIP_INSTALL = YES;
				SWIFT_ACTIVE_COMPILATION_CONDITIONS = "$(inherited)";
				SWIFT_VERSION = 5.0;
				TARGET_NAME = CZUtils;
				TVOS_DEPLOYMENT_TARGET = 9.0;
				WATCHOS_DEPLOYMENT_TARGET = 2.0;
			};
			name = Release;
		};
		OBJ_96 /* Debug */ = {
			isa = XCBuildConfiguration;
			buildSettings = {
				LD = /usr/bin/true;
				OTHER_SWIFT_FLAGS = "-swift-version 5 -I $(TOOLCHAIN_DIR)/usr/lib/swift/pm/4_2 -target x86_64-apple-macosx10.10 -sdk /Applications/Xcode.app/Contents/Developer/Platforms/MacOSX.platform/Developer/SDKs/MacOSX10.15.sdk -package-description-version 5.1";
				SWIFT_VERSION = 5.0;
			};
			name = Debug;
		};
		OBJ_97 /* Release */ = {
			isa = XCBuildConfiguration;
			buildSettings = {
				LD = /usr/bin/true;
				OTHER_SWIFT_FLAGS = "-swift-version 5 -I $(TOOLCHAIN_DIR)/usr/lib/swift/pm/4_2 -target x86_64-apple-macosx10.10 -sdk /Applications/Xcode.app/Contents/Developer/Platforms/MacOSX.platform/Developer/SDKs/MacOSX10.15.sdk -package-description-version 5.1";
				SWIFT_VERSION = 5.0;
			};
			name = Release;
		};
/* End XCBuildConfiguration section */

/* Begin XCConfigurationList section */
		OBJ_101 /* Build configuration list for PBXAggregateTarget "CZUtilsPackageTests" */ = {
			isa = XCConfigurationList;
			buildConfigurations = (
				OBJ_102 /* Debug */,
				OBJ_103 /* Release */,
			);
			defaultConfigurationIsVisible = 0;
			defaultConfigurationName = Release;
		};
		OBJ_106 /* Build configuration list for PBXNativeTarget "CZUtilsTests" */ = {
			isa = XCConfigurationList;
			buildConfigurations = (
				OBJ_107 /* Debug */,
				OBJ_108 /* Release */,
			);
			defaultConfigurationIsVisible = 0;
			defaultConfigurationName = Release;
		};
		OBJ_2 /* Build configuration list for PBXProject "CZUtils" */ = {
			isa = XCConfigurationList;
			buildConfigurations = (
				OBJ_3 /* Debug */,
				OBJ_4 /* Release */,
			);
			defaultConfigurationIsVisible = 0;
			defaultConfigurationName = Release;
		};
		OBJ_56 /* Build configuration list for PBXNativeTarget "CZUtils" */ = {
			isa = XCConfigurationList;
			buildConfigurations = (
				OBJ_57 /* Debug */,
				OBJ_58 /* Release */,
			);
			defaultConfigurationIsVisible = 0;
			defaultConfigurationName = Release;
		};
		OBJ_95 /* Build configuration list for PBXNativeTarget "CZUtilsPackageDescription" */ = {
			isa = XCConfigurationList;
			buildConfigurations = (
				OBJ_96 /* Debug */,
				OBJ_97 /* Release */,
			);
			defaultConfigurationIsVisible = 0;
			defaultConfigurationName = Release;
		};
/* End XCConfigurationList section */
	};
	rootObject = OBJ_1 /* Project object */;
}
