// !$*UTF8*$!
{
	archiveVersion = 1;
	classes = {
	};
	objectVersion = 46;
	objects = {

/* Begin PBXBuildFile section */
		2A83FA841F7C198000546BCB /* AppDelegate.swift in Sources */ = {isa = PBXBuildFile; fileRef = 2A83FA831F7C198000546BCB /* AppDelegate.swift */; };
		2A83FA861F7C198000546BCB /* ViewController.swift in Sources */ = {isa = PBXBuildFile; fileRef = 2A83FA851F7C198000546BCB /* ViewController.swift */; };
		2A83FA891F7C198000546BCB /* Main.storyboard in Resources */ = {isa = PBXBuildFile; fileRef = 2A83FA871F7C198000546BCB /* Main.storyboard */; };
		2A83FA8B1F7C198000546BCB /* Assets.xcassets in Resources */ = {isa = PBXBuildFile; fileRef = 2A83FA8A1F7C198000546BCB /* Assets.xcassets */; };
		2A83FA8E1F7C198000546BCB /* LaunchScreen.storyboard in Resources */ = {isa = PBXBuildFile; fileRef = 2A83FA8C1F7C198000546BCB /* LaunchScreen.storyboard */; };
/* End PBXBuildFile section */

/* Begin PBXContainerItemProxy section */
		2A83FA9A1F7C19A400546BCB /* PBXContainerItemProxy */ = {
			isa = PBXContainerItemProxy;
			containerPortal = 2A83FA951F7C19A400546BCB /* CZUtils.xcodeproj */;
			proxyType = 2;
			remoteGlobalIDString = C39982CA1F7739EA00775B6C;
			remoteInfo = CZUtils;
		};
		2A83FA9C1F7C19A400546BCB /* PBXContainerItemProxy */ = {
			isa = PBXContainerItemProxy;
			containerPortal = 2A83FA951F7C19A400546BCB /* CZUtils.xcodeproj */;
			proxyType = 2;
			remoteGlobalIDString = C39982D31F7739EA00775B6C;
			remoteInfo = CZUtilsTests;
		};
		2AEC18941F7C1A83007A5DF1 /* PBXContainerItemProxy */ = {
			isa = PBXContainerItemProxy;
			containerPortal = 2A83FA951F7C19A400546BCB /* CZUtils.xcodeproj */;
			proxyType = 1;
			remoteGlobalIDString = C39982C91F7739EA00775B6C;
			remoteInfo = CZUtils;
		};
/* End PBXContainerItemProxy section */

/* Begin PBXFileReference section */
		2A83FA801F7C198000546BCB /* CZUtilsDemo.app */ = {isa = PBXFileReference; explicitFileType = wrapper.application; includeInIndex = 0; path = CZUtilsDemo.app; sourceTree = BUILT_PRODUCTS_DIR; };
		2A83FA831F7C198000546BCB /* AppDelegate.swift */ = {isa = PBXFileReference; lastKnownFileType = sourcecode.swift; path = AppDelegate.swift; sourceTree = "<group>"; };
		2A83FA851F7C198000546BCB /* ViewController.swift */ = {isa = PBXFileReference; lastKnownFileType = sourcecode.swift; path = ViewController.swift; sourceTree = "<group>"; };
		2A83FA881F7C198000546BCB /* Base */ = {isa = PBXFileReference; lastKnownFileType = file.storyboard; name = Base; path = Base.lproj/Main.storyboard; sourceTree = "<group>"; };
		2A83FA8A1F7C198000546BCB /* Assets.xcassets */ = {isa = PBXFileReference; lastKnownFileType = folder.assetcatalog; path = Assets.xcassets; sourceTree = "<group>"; };
		2A83FA8D1F7C198000546BCB /* Base */ = {isa = PBXFileReference; lastKnownFileType = file.storyboard; name = Base; path = Base.lproj/LaunchScreen.storyboard; sourceTree = "<group>"; };
		2A83FA8F1F7C198000546BCB /* Info.plist */ = {isa = PBXFileReference; lastKnownFileType = text.plist.xml; path = Info.plist; sourceTree = "<group>"; };
		2A83FA951F7C19A400546BCB /* CZUtils.xcodeproj */ = {isa = PBXFileReference; lastKnownFileType = "wrapper.pb-project"; name = CZUtils.xcodeproj; path = ../CZUtils.xcodeproj; sourceTree = "<group>"; };
/* End PBXFileReference section */

/* Begin PBXFrameworksBuildPhase section */
		2A83FA7D1F7C198000546BCB /* Frameworks */ = {
			isa = PBXFrameworksBuildPhase;
			buildActionMask = 2147483647;
			files = (
			);
			runOnlyForDeploymentPostprocessing = 0;
		};
/* End PBXFrameworksBuildPhase section */

/* Begin PBXGroup section */
		2A83FA771F7C198000546BCB = {
			isa = PBXGroup;
			children = (
				2A83FA951F7C19A400546BCB /* CZUtils.xcodeproj */,
				2A83FA821F7C198000546BCB /* CZUtilsDemo */,
				2A83FA811F7C198000546BCB /* Products */,
			);
			sourceTree = "<group>";
		};
		2A83FA811F7C198000546BCB /* Products */ = {
			isa = PBXGroup;
			children = (
				2A83FA801F7C198000546BCB /* CZUtilsDemo.app */,
			);
			name = Products;
			sourceTree = "<group>";
		};
		2A83FA821F7C198000546BCB /* CZUtilsDemo */ = {
			isa = PBXGroup;
			children = (
				2A83FA831F7C198000546BCB /* AppDelegate.swift */,
				2A83FA851F7C198000546BCB /* ViewController.swift */,
				2A83FA871F7C198000546BCB /* Main.storyboard */,
				2A83FA8A1F7C198000546BCB /* Assets.xcassets */,
				2A83FA8C1F7C198000546BCB /* LaunchScreen.storyboard */,
				2A83FA8F1F7C198000546BCB /* Info.plist */,
			);
			path = CZUtilsDemo;
			sourceTree = "<group>";
		};
		2A83FA961F7C19A400546BCB /* Products */ = {
			isa = PBXGroup;
			children = (
				2A83FA9B1F7C19A400546BCB /* CZUtils.framework */,
				2A83FA9D1F7C19A400546BCB /* CZUtilsTests.xctest */,
			);
			name = Products;
			sourceTree = "<group>";
		};
/* End PBXGroup section */

/* Begin PBXNativeTarget section */
		2A83FA7F1F7C198000546BCB /* CZUtilsDemo */ = {
			isa = PBXNativeTarget;
			buildConfigurationList = 2A83FA921F7C198000546BCB /* Build configuration list for PBXNativeTarget "CZUtilsDemo" */;
			buildPhases = (
				2A83FA7C1F7C198000546BCB /* Sources */,
				2A83FA7D1F7C198000546BCB /* Frameworks */,
				2A83FA7E1F7C198000546BCB /* Resources */,
			);
			buildRules = (
			);
			dependencies = (
				2AEC18951F7C1A83007A5DF1 /* PBXTargetDependency */,
			);
			name = CZUtilsDemo;
			productName = CZUtilsDemo;
			productReference = 2A83FA801F7C198000546BCB /* CZUtilsDemo.app */;
			productType = "com.apple.product-type.application";
		};
/* End PBXNativeTarget section */

/* Begin PBXProject section */
		2A83FA781F7C198000546BCB /* Project object */ = {
			isa = PBXProject;
			attributes = {
				LastSwiftUpdateCheck = 0830;
				LastUpgradeCheck = 0830;
				ORGANIZATIONNAME = "Cheng Zhang";
				TargetAttributes = {
					2A83FA7F1F7C198000546BCB = {
						CreatedOnToolsVersion = 8.3.3;
						DevelopmentTeam = 55RDUQ8X48;
						ProvisioningStyle = Automatic;
					};
				};
			};
			buildConfigurationList = 2A83FA7B1F7C198000546BCB /* Build configuration list for PBXProject "CZUtilsDemo" */;
			compatibilityVersion = "Xcode 3.2";
			developmentRegion = English;
			hasScannedForEncodings = 0;
			knownRegions = (
				en,
				Base,
			);
			mainGroup = 2A83FA771F7C198000546BCB;
			productRefGroup = 2A83FA811F7C198000546BCB /* Products */;
			projectDirPath = "";
			projectReferences = (
				{
					ProductGroup = 2A83FA961F7C19A400546BCB /* Products */;
					ProjectRef = 2A83FA951F7C19A400546BCB /* CZUtils.xcodeproj */;
				},
			);
			projectRoot = "";
			targets = (
				2A83FA7F1F7C198000546BCB /* CZUtilsDemo */,
			);
		};
/* End PBXProject section */

/* Begin PBXReferenceProxy section */
		2A83FA9B1F7C19A400546BCB /* CZUtils.framework */ = {
			isa = PBXReferenceProxy;
			fileType = wrapper.framework;
			path = CZUtils.framework;
			remoteRef = 2A83FA9A1F7C19A400546BCB /* PBXContainerItemProxy */;
			sourceTree = BUILT_PRODUCTS_DIR;
		};
		2A83FA9D1F7C19A400546BCB /* CZUtilsTests.xctest */ = {
			isa = PBXReferenceProxy;
			fileType = wrapper.cfbundle;
			path = CZUtilsTests.xctest;
			remoteRef = 2A83FA9C1F7C19A400546BCB /* PBXContainerItemProxy */;
			sourceTree = BUILT_PRODUCTS_DIR;
		};
/* End PBXReferenceProxy section */

/* Begin PBXResourcesBuildPhase section */
		2A83FA7E1F7C198000546BCB /* Resources */ = {
			isa = PBXResourcesBuildPhase;
			buildActionMask = 2147483647;
			files = (
				2A83FA8E1F7C198000546BCB /* LaunchScreen.storyboard in Resources */,
				2A83FA8B1F7C198000546BCB /* Assets.xcassets in Resources */,
				2A83FA891F7C198000546BCB /* Main.storyboard in Resources */,
			);
			runOnlyForDeploymentPostprocessing = 0;
		};
/* End PBXResourcesBuildPhase section */

/* Begin PBXSourcesBuildPhase section */
		2A83FA7C1F7C198000546BCB /* Sources */ = {
			isa = PBXSourcesBuildPhase;
			buildActionMask = 2147483647;
			files = (
				2A83FA861F7C198000546BCB /* ViewController.swift in Sources */,
				2A83FA841F7C198000546BCB /* AppDelegate.swift in Sources */,
			);
			runOnlyForDeploymentPostprocessing = 0;
		};
/* End PBXSourcesBuildPhase section */

/* Begin PBXTargetDependency section */
		2AEC18951F7C1A83007A5DF1 /* PBXTargetDependency */ = {
			isa = PBXTargetDependency;
			name = CZUtils;
			targetProxy = 2AEC18941F7C1A83007A5DF1 /* PBXContainerItemProxy */;
		};
/* End PBXTargetDependency section */

/* Begin PBXVariantGroup section */
		2A83FA871F7C198000546BCB /* Main.storyboard */ = {
			isa = PBXVariantGroup;
			children = (
				2A83FA881F7C198000546BCB /* Base */,
			);
			name = Main.storyboard;
			sourceTree = "<group>";
		};
		2A83FA8C1F7C198000546BCB /* LaunchScreen.storyboard */ = {
			isa = PBXVariantGroup;
			children = (
				2A83FA8D1F7C198000546BCB /* Base */,
			);
			name = LaunchScreen.storyboard;
			sourceTree = "<group>";
		};
/* End PBXVariantGroup section */

/* Begin XCBuildConfiguration section */
		2A83FA901F7C198000546BCB /* Debug */ = {
			isa = XCBuildConfiguration;
			buildSettings = {
				ALWAYS_SEARCH_USER_PATHS = NO;
				CLANG_ANALYZER_NONNULL = YES;
				CLANG_ANALYZER_NUMBER_OBJECT_CONVERSION = YES_AGGRESSIVE;
				CLANG_CXX_LANGUAGE_STANDARD = "gnu++0x";
				CLANG_CXX_LIBRARY = "libc++";
				CLANG_ENABLE_MODULES = YES;
				CLANG_ENABLE_OBJC_ARC = YES;
				CLANG_WARN_BOOL_CONVERSION = YES;
				CLANG_WARN_CONSTANT_CONVERSION = YES;
				CLANG_WARN_DIRECT_OBJC_ISA_USAGE = YES_ERROR;
				CLANG_WARN_DOCUMENTATION_COMMENTS = YES;
				CLANG_WARN_EMPTY_BODY = YES;
				CLANG_WARN_ENUM_CONVERSION = YES;
				CLANG_WARN_INFINITE_RECURSION = YES;
				CLANG_WARN_INT_CONVERSION = YES;
				CLANG_WARN_OBJC_ROOT_CLASS = YES_ERROR;
				CLANG_WARN_SUSPICIOUS_MOVE = YES;
				CLANG_WARN_UNREACHABLE_CODE = YES;
				CLANG_WARN__DUPLICATE_METHOD_MATCH = YES;
				"CODE_SIGN_IDENTITY[sdk=iphoneos*]" = "iPhone Developer";
				COPY_PHASE_STRIP = NO;
				DEBUG_INFORMATION_FORMAT = dwarf;
				ENABLE_STRICT_OBJC_MSGSEND = YES;
				ENABLE_TESTABILITY = YES;
				GCC_C_LANGUAGE_STANDARD = gnu99;
				GCC_DYNAMIC_NO_PIC = NO;
				GCC_NO_COMMON_BLOCKS = YES;
				GCC_OPTIMIZATION_LEVEL = 0;
				GCC_PREPROCESSOR_DEFINITIONS = (
					"DEBUG=1",
					"$(inherited)",
				);
				GCC_WARN_64_TO_32_BIT_CONVERSION = YES;
				GCC_WARN_ABOUT_RETURN_TYPE = YES_ERROR;
				GCC_WARN_UNDECLARED_SELECTOR = YES;
				GCC_WARN_UNINITIALIZED_AUTOS = YES_AGGRESSIVE;
				GCC_WARN_UNUSED_FUNCTION = YES;
				GCC_WARN_UNUSED_VARIABLE = YES;
				IPHONEOS_DEPLOYMENT_TARGET = 10.3;
				MTL_ENABLE_DEBUG_INFO = YES;
				ONLY_ACTIVE_ARCH = YES;
				SDKROOT = iphoneos;
				SWIFT_ACTIVE_COMPILATION_CONDITIONS = DEBUG;
				SWIFT_OPTIMIZATION_LEVEL = "-Onone";
				TARGETED_DEVICE_FAMILY = "1,2";
			};
			name = Debug;
		};
		2A83FA911F7C198000546BCB /* Release */ = {
			isa = XCBuildConfiguration;
			buildSettings = {
				ALWAYS_SEARCH_USER_PATHS = NO;
				CLANG_ANALYZER_NONNULL = YES;
				CLANG_ANALYZER_NUMBER_OBJECT_CONVERSION = YES_AGGRESSIVE;
				CLANG_CXX_LANGUAGE_STANDARD = "gnu++0x";
				CLANG_CXX_LIBRARY = "libc++";
				CLANG_ENABLE_MODULES = YES;
				CLANG_ENABLE_OBJC_ARC = YES;
				CLANG_WARN_BOOL_CONVERSION = YES;
				CLANG_WARN_CONSTANT_CONVERSION = YES;
				CLANG_WARN_DIRECT_OBJC_ISA_USAGE = YES_ERROR;
				CLANG_WARN_DOCUMENTATION_COMMENTS = YES;
				CLANG_WARN_EMPTY_BODY = YES;
				CLANG_WARN_ENUM_CONVERSION = YES;
				CLANG_WARN_INFINITE_RECURSION = YES;
				CLANG_WARN_INT_CONVERSION = YES;
				CLANG_WARN_OBJC_ROOT_CLASS = YES_ERROR;
				CLANG_WARN_SUSPICIOUS_MOVE = YES;
				CLANG_WARN_UNREACHABLE_CODE = YES;
				CLANG_WARN__DUPLICATE_METHOD_MATCH = YES;
				"CODE_SIGN_IDENTITY[sdk=iphoneos*]" = "iPhone Developer";
				COPY_PHASE_STRIP = NO;
				DEBUG_INFORMATION_FORMAT = "dwarf-with-dsym";
				ENABLE_NS_ASSERTIONS = NO;
				ENABLE_STRICT_OBJC_MSGSEND = YES;
				GCC_C_LANGUAGE_STANDARD = gnu99;
				GCC_NO_COMMON_BLOCKS = YES;
				GCC_WARN_64_TO_32_BIT_CONVERSION = YES;
				GCC_WARN_ABOUT_RETURN_TYPE = YES_ERROR;
				GCC_WARN_UNDECLARED_SELECTOR = YES;
				GCC_WARN_UNINITIALIZED_AUTOS = YES_AGGRESSIVE;
				GCC_WARN_UNUSED_FUNCTION = YES;
				GCC_WARN_UNUSED_VARIABLE = YES;
				IPHONEOS_DEPLOYMENT_TARGET = 10.3;
				MTL_ENABLE_DEBUG_INFO = NO;
				SDKROOT = iphoneos;
				SWIFT_OPTIMIZATION_LEVEL = "-Owholemodule";
				TARGETED_DEVICE_FAMILY = "1,2";
				VALIDATE_PRODUCT = YES;
			};
			name = Release;
		};
		2A83FA931F7C198000546BCB /* Debug */ = {
			isa = XCBuildConfiguration;
			buildSettings = {
				ASSETCATALOG_COMPILER_APPICON_NAME = AppIcon;
				DEVELOPMENT_TEAM = 55RDUQ8X48;
				INFOPLIST_FILE = CZUtilsDemo/Info.plist;
				LD_RUNPATH_SEARCH_PATHS = "$(inherited) @executable_path/Frameworks";
				PRODUCT_BUNDLE_IDENTIFIER = com.tony.CZUtilsDemo;
				PRODUCT_NAME = "$(TARGET_NAME)";
				SWIFT_VERSION = 3.0;
			};
			name = Debug;
		};
		2A83FA941F7C198000546BCB /* Release */ = {
			isa = XCBuildConfiguration;
			buildSettings = {
				ASSETCATALOG_COMPILER_APPICON_NAME = AppIcon;
				DEVELOPMENT_TEAM = 55RDUQ8X48;
				INFOPLIST_FILE = CZUtilsDemo/Info.plist;
				LD_RUNPATH_SEARCH_PATHS = "$(inherited) @executable_path/Frameworks";
				PRODUCT_BUNDLE_IDENTIFIER = com.tony.CZUtilsDemo;
				PRODUCT_NAME = "$(TARGET_NAME)";
				SWIFT_VERSION = 3.0;
			};
			name = Release;
		};
/* End XCBuildConfiguration section */

/* Begin XCConfigurationList section */
		2A83FA7B1F7C198000546BCB /* Build configuration list for PBXProject "CZUtilsDemo" */ = {
			isa = XCConfigurationList;
			buildConfigurations = (
				2A83FA901F7C198000546BCB /* Debug */,
				2A83FA911F7C198000546BCB /* Release */,
			);
			defaultConfigurationIsVisible = 0;
			defaultConfigurationName = Release;
		};
		2A83FA921F7C198000546BCB /* Build configuration list for PBXNativeTarget "CZUtilsDemo" */ = {
			isa = XCConfigurationList;
			buildConfigurations = (
				2A83FA931F7C198000546BCB /* Debug */,
				2A83FA941F7C198000546BCB /* Release */,
			);
			defaultConfigurationIsVisible = 0;
			defaultConfigurationName = Release;
		};
/* End XCConfigurationList section */
	};
	rootObject = 2A83FA781F7C198000546BCB /* Project object */;
}
